
Microsoft Visual Studio Solution File, Format Version 12.00
# Visual Studio 15
VisualStudioVersion = 15.0.28010.2036
MinimumVisualStudioVersion = 10.0.40219.1
Project("{8BC9CEB8-8B4A-11D0-8D11-00A0C91BC942}") = "Sandbox", "Sandbox\Sandbox.vcxproj", "{F0C63059-609E-400E-823F-2888DFBC4A88}"
	ProjectSection(ProjectDependencies) = postProject
		{4D99A551-2CFA-4F91-964A-F4DFC4600EE2} = {4D99A551-2CFA-4F91-964A-F4DFC4600EE2}
	EndProjectSection
EndProject
Project("{8BC9CEB8-8B4A-11D0-8D11-00A0C91BC942}") = "Cherenkov", "Cherenkov\Cherenkov.vcxproj", "{4D99A551-2CFA-4F91-964A-F4DFC4600EE2}"
EndProject
Global
	GlobalSection(SolutionConfigurationPlatforms) = preSolution
		Debug|x64 = Debug|x64
		Release|x64 = Release|x64
	EndGlobalSection
	GlobalSection(ProjectConfigurationPlatforms) = postSolution
		{F0C63059-609E-400E-823F-2888DFBC4A88}.Debug|x64.ActiveCfg = Debug|x64
		{F0C63059-609E-400E-823F-2888DFBC4A88}.Debug|x64.Build.0 = Debug|x64
		{F0C63059-609E-400E-823F-2888DFBC4A88}.Release|x64.ActiveCfg = Release|x64
		{F0C63059-609E-400E-823F-2888DFBC4A88}.Release|x64.Build.0 = Release|x64
		{4D99A551-2CFA-4F91-964A-F4DFC4600EE2}.Debug|x64.ActiveCfg = Debug|x64
		{4D99A551-2CFA-4F91-964A-F4DFC4600EE2}.Debug|x64.Build.0 = Debug|x64
		{4D99A551-2CFA-4F91-964A-F4DFC4600EE2}.Release|x64.ActiveCfg = Release|x64
		{4D99A551-2CFA-4F91-964A-F4DFC4600EE2}.Release|x64.Build.0 = Release|x64
	EndGlobalSection
	GlobalSection(SolutionProperties) = preSolution
		HideSolutionNode = FALSE
	EndGlobalSection
	GlobalSection(ExtensibilityGlobals) = postSolution
		SolutionGuid = {235A12B9-77D5-42A1-99E1-32A12B561BF9}
	EndGlobalSection
EndGlobal
