<?xml version="1.0" encoding="utf-8"?>
<Project ToolsVersion="4.0" xmlns="http://schemas.microsoft.com/developer/msbuild/2003">
  <ItemGroup>
    <Filter Include="Cherenkov">
      <UniqueIdentifier>{AA7B74D9-16E6-2850-5F24-DAF5CBCD06A5}</UniqueIdentifier>
    </Filter>
    <Filter Include="Cherenkov\Events">
      <UniqueIdentifier>{4E24697F-3A1D-88D1-634F-6D564FA767DD}</UniqueIdentifier>
    </Filter>
    <Filter Include="Cherenkov\Platform">
      <UniqueIdentifier>{3E77611A-2A5B-2270-93BB-1CC37FBE0CF2}</UniqueIdentifier>
    </Filter>
    <Filter Include="Cherenkov\Platform\Windows">
      <UniqueIdentifier>{787F1980-648F-C550-CD48-2A6FB977B4E9}</UniqueIdentifier>
    </Filter>
  </ItemGroup>
  <ItemGroup>
    <ClInclude Include="src\Cherenkov.h" />
    <ClInclude Include="src\Cherenkov\Application.h">
      <Filter>Cherenkov</Filter>
    </ClInclude>
    <ClInclude Include="src\Cherenkov\Core.h">
      <Filter>Cherenkov</Filter>
    </ClInclude>
    <ClInclude Include="src\Cherenkov\EntryPoint.h">
      <Filter>Cherenkov</Filter>
    </ClInclude>
    <ClInclude Include="src\Cherenkov\Events\ApplicationEvent.h">
      <Filter>Cherenkov\Events</Filter>
    </ClInclude>
    <ClInclude Include="src\Cherenkov\Events\Event.h">
      <Filter>Cherenkov\Events</Filter>
    </ClInclude>
    <ClInclude Include="src\Cherenkov\Events\KeyEvent.h">
      <Filter>Cherenkov\Events</Filter>
    </ClInclude>
    <ClInclude Include="src\Cherenkov\Events\MouseEvent.h">
      <Filter>Cherenkov\Events</Filter>
    </ClInclude>
    <ClInclude Include="src\Cherenkov\Log.h">
      <Filter>Cherenkov</Filter>
    </ClInclude>
    <ClInclude Include="src\Cherenkov\Platform\Windows\WindowsWindow.h">
      <Filter>Cherenkov\Platform\Windows</Filter>
    </ClInclude>
    <ClInclude Include="src\Cherenkov\Window.h">
      <Filter>Cherenkov</Filter>
    </ClInclude>
    <ClInclude Include="src\ckpch.h" />
  </ItemGroup>
  <ItemGroup>
    <ClCompile Include="src\Cherenkov\Application.cpp">
      <Filter>Cherenkov</Filter>
    </ClCompile>
    <ClCompile Include="src\Cherenkov\Log.cpp">
      <Filter>Cherenkov</Filter>
    </ClCompile>
    <ClCompile Include="src\Cherenkov\Platform\Windows\WindowsWindow.cpp">
      <Filter>Cherenkov\Platform\Windows</Filter>
    </ClCompile>
    <ClCompile Include="src\ckpch.cpp" />
  </ItemGroup>
</Project>